<?xml version="1.0" encoding="utf-8"?>
<Project ToolsVersion="4.0" xmlns="http://schemas.microsoft.com/developer/msbuild/2003">
  <ItemGroup>
    <Filter Include="src">
      <UniqueIdentifier>{2DAB880B-99B4-887C-2230-9F7C8E38947C}</UniqueIdentifier>
    </Filter>
    <Filter Include="src\Renderent">
      <UniqueIdentifier>{C3FFD9BB-2FC0-55F2-F8FA-9E6F647A9ACE}</UniqueIdentifier>
    </Filter>
    <Filter Include="src\Renderent\Core">
      <UniqueIdentifier>{FB7548A9-E759-09FF-50BA-03523CBDF380}</UniqueIdentifier>
    </Filter>
    <Filter Include="src\Renderent\Debug">
      <UniqueIdentifier>{799063D2-E5F1-40E0-6E5F-8792DABF779F}</UniqueIdentifier>
    </Filter>
    <Filter Include="src\Renderent\Event">
      <UniqueIdentifier>{54077FD2-C068-5CE0-49D6-A292B536939F}</UniqueIdentifier>
    </Filter>
    <Filter Include="src\Renderent\ImGui">
      <UniqueIdentifier>{2DFBC1D2-995C-9FE0-22CA-E5928E2AD69F}</UniqueIdentifier>
    </Filter>
    <Filter Include="src\Renderent\Platform">
      <UniqueIdentifier>{77A74356-63A1-6CA8-4C0E-03B938A7D214}</UniqueIdentifier>
    </Filter>
    <Filter Include="src\Renderent\Platform\OpenGL">
      <UniqueIdentifier>{CB64B8F3-377D-9F1D-002A-2FB76C0134B7}</UniqueIdentifier>
    </Filter>
    <Filter Include="src\Renderent\Platform\Windows">
      <UniqueIdentifier>{B1D8E0C2-9DFE-AA29-8644-30F57209D0F5}</UniqueIdentifier>
    </Filter>
    <Filter Include="src\Renderent\Renderer">
      <UniqueIdentifier>{C9AE2031-B5A8-4983-9E15-E0938AAEAFEF}</UniqueIdentifier>
    </Filter>
    <Filter Include="vendor">
      <UniqueIdentifier>{B3738122-9F15-ACF8-88D0-BF4C74113349}</UniqueIdentifier>
    </Filter>
    <Filter Include="vendor\stb_image">
      <UniqueIdentifier>{0DA0BA59-F998-D9AB-22CB-BE300E23B9B7}</UniqueIdentifier>
    </Filter>
  </ItemGroup>
  <ItemGroup>
    <ClInclude Include="src\Renderent.h">
      <Filter>src</Filter>
    </ClInclude>
    <ClInclude Include="src\Renderent\Core\Application.h">
      <Filter>src\Renderent\Core</Filter>
    </ClInclude>
    <ClInclude Include="src\Renderent\Core\Core.h">
      <Filter>src\Renderent\Core</Filter>
    </ClInclude>
    <ClInclude Include="src\Renderent\Core\Entrypoint.h">
      <Filter>src\Renderent\Core</Filter>
    </ClInclude>
    <ClInclude Include="src\Renderent\Core\Input.h">
      <Filter>src\Renderent\Core</Filter>
    </ClInclude>
    <ClInclude Include="src\Renderent\Core\KeyCodes.h">
      <Filter>src\Renderent\Core</Filter>
    </ClInclude>
    <ClInclude Include="src\Renderent\Core\Layer.h">
      <Filter>src\Renderent\Core</Filter>
    </ClInclude>
    <ClInclude Include="src\Renderent\Core\LayerStack.h">
      <Filter>src\Renderent\Core</Filter>
    </ClInclude>
    <ClInclude Include="src\Renderent\Core\Log.h">
      <Filter>src\Renderent\Core</Filter>
    </ClInclude>
    <ClInclude Include="src\Renderent\Core\MouseButtonCodes.h">
      <Filter>src\Renderent\Core</Filter>
    </ClInclude>
    <ClInclude Include="src\Renderent\Core\TimeStep.h">
      <Filter>src\Renderent\Core</Filter>
    </ClInclude>
    <ClInclude Include="src\Renderent\Core\Window.h">
      <Filter>src\Renderent\Core</Filter>
    </ClInclude>
    <ClInclude Include="src\Renderent\Debug\Instrumentor.h">
      <Filter>src\Renderent\Debug</Filter>
    </ClInclude>
    <ClInclude Include="src\Renderent\Event\Event.h">
      <Filter>src\Renderent\Event</Filter>
    </ClInclude>
    <ClInclude Include="src\Renderent\Event\KeyEvent.h">
      <Filter>src\Renderent\Event</Filter>
    </ClInclude>
    <ClInclude Include="src\Renderent\Event\MouseEvent.h">
      <Filter>src\Renderent\Event</Filter>
    </ClInclude>
    <ClInclude Include="src\Renderent\Event\WindowEvent.h">
      <Filter>src\Renderent\Event</Filter>
    </ClInclude>
    <ClInclude Include="src\Renderent\ImGui\ImGuiLayer.h">
      <Filter>src\Renderent\ImGui</Filter>
    </ClInclude>
    <ClInclude Include="src\Renderent\Platform\OpenGL\OpenGLBuffer.h">
      <Filter>src\Renderent\Platform\OpenGL</Filter>
    </ClInclude>
    <ClInclude Include="src\Renderent\Platform\OpenGL\OpenGLContext.h">
      <Filter>src\Renderent\Platform\OpenGL</Filter>
    </ClInclude>
    <ClInclude Include="src\Renderent\Platform\OpenGL\OpenGLFramebuffer.h">
      <Filter>src\Renderent\Platform\OpenGL</Filter>
    </ClInclude>
    <ClInclude Include="src\Renderent\Platform\OpenGL\OpenGLRendererAPI.h">
      <Filter>src\Renderent\Platform\OpenGL</Filter>
    </ClInclude>
    <ClInclude Include="src\Renderent\Platform\OpenGL\OpenGLShader.h">
      <Filter>src\Renderent\Platform\OpenGL</Filter>
    </ClInclude>
    <ClInclude Include="src\Renderent\Platform\OpenGL\OpenGLTexture.h">
      <Filter>src\Renderent\Platform\OpenGL</Filter>
    </ClInclude>
    <ClInclude Include="src\Renderent\Platform\OpenGL\OpenGLVertexArray.h">
      <Filter>src\Renderent\Platform\OpenGL</Filter>
    </ClInclude>
    <ClInclude Include="src\Renderent\Platform\Windows\WindowsInput.h">
      <Filter>src\Renderent\Platform\Windows</Filter>
    </ClInclude>
    <ClInclude Include="src\Renderent\Platform\Windows\WindowsWindow.h">
      <Filter>src\Renderent\Platform\Windows</Filter>
    </ClInclude>
    <ClInclude Include="src\Renderent\Renderer\Buffer.h">
      <Filter>src\Renderent\Renderer</Filter>
    </ClInclude>
    <ClInclude Include="src\Renderent\Renderer\Camera.h">
      <Filter>src\Renderent\Renderer</Filter>
    </ClInclude>
    <ClInclude Include="src\Renderent\Renderer\CameraController.h">
      <Filter>src\Renderent\Renderer</Filter>
    </ClInclude>
    <ClInclude Include="src\Renderent\Renderer\Framebuffer.h">
      <Filter>src\Renderent\Renderer</Filter>
    </ClInclude>
    <ClInclude Include="src\Renderent\Renderer\GraphicsContext.h">
      <Filter>src\Renderent\Renderer</Filter>
    </ClInclude>
    <ClInclude Include="src\Renderent\Renderer\RenderCommand.h">
      <Filter>src\Renderent\Renderer</Filter>
    </ClInclude>
    <ClInclude Include="src\Renderent\Renderer\Renderer.h">
      <Filter>src\Renderent\Renderer</Filter>
    </ClInclude>
    <ClInclude Include="src\Renderent\Renderer\Renderer2D.h">
      <Filter>src\Renderent\Renderer</Filter>
    </ClInclude>
    <ClInclude Include="src\Renderent\Renderer\RendererAPI.h">
      <Filter>src\Renderent\Renderer</Filter>
    </ClInclude>
    <ClInclude Include="src\Renderent\Renderer\Shader.h">
      <Filter>src\Renderent\Renderer</Filter>
    </ClInclude>
    <ClInclude Include="src\Renderent\Renderer\SubTexture2D.h">
      <Filter>src\Renderent\Renderer</Filter>
    </ClInclude>
    <ClInclude Include="src\Renderent\Renderer\Texture.h">
      <Filter>src\Renderent\Renderer</Filter>
    </ClInclude>
    <ClInclude Include="src\Renderent\Renderer\VertexArray.h">
      <Filter>src\Renderent\Renderer</Filter>
    </ClInclude>
    <ClInclude Include="src\repch.h">
      <Filter>src</Filter>
    </ClInclude>
    <ClInclude Include="vendor\stb_image\stb_image.h">
      <Filter>vendor\stb_image</Filter>
    </ClInclude>
  </ItemGroup>
  <ItemGroup>
    <ClCompile Include="src\Renderent\Core\Application.cpp">
      <Filter>src\Renderent\Core</Filter>
    </ClCompile>
    <ClCompile Include="src\Renderent\Core\Layer.cpp">
      <Filter>src\Renderent\Core</Filter>
    </ClCompile>
    <ClCompile Include="src\Renderent\Core\LayerStack.cpp">
      <Filter>src\Renderent\Core</Filter>
    </ClCompile>
    <ClCompile Include="src\Renderent\Core\Log.cpp">
      <Filter>src\Renderent\Core</Filter>
    </ClCompile>
    <ClCompile Include="src\Renderent\ImGui\ImGuiBuild.cpp">
      <Filter>src\Renderent\ImGui</Filter>
    </ClCompile>
    <ClCompile Include="src\Renderent\ImGui\ImGuilLayer.cpp">
      <Filter>src\Renderent\ImGui</Filter>
    </ClCompile>
    <ClCompile Include="src\Renderent\Platform\OpenGL\OpenGLBuffer.cpp">
      <Filter>src\Renderent\Platform\OpenGL</Filter>
    </ClCompile>
    <ClCompile Include="src\Renderent\Platform\OpenGL\OpenGLContext.cpp">
      <Filter>src\Renderent\Platform\OpenGL</Filter>
    </ClCompile>
    <ClCompile Include="src\Renderent\Platform\OpenGL\OpenGLFramebuffer.cpp">
      <Filter>src\Renderent\Platform\OpenGL</Filter>
    </ClCompile>
    <ClCompile Include="src\Renderent\Platform\OpenGL\OpenGLRendererAPI.cpp">
      <Filter>src\Renderent\Platform\OpenGL</Filter>
    </ClCompile>
    <ClCompile Include="src\Renderent\Platform\OpenGL\OpenGLShader.cpp">
      <Filter>src\Renderent\Platform\OpenGL</Filter>
    </ClCompile>
    <ClCompile Include="src\Renderent\Platform\OpenGL\OpenGLTexture.cpp">
      <Filter>src\Renderent\Platform\OpenGL</Filter>
    </ClCompile>
    <ClCompile Include="src\Renderent\Platform\OpenGL\OpenGLVertexArray.cpp">
      <Filter>src\Renderent\Platform\OpenGL</Filter>
    </ClCompile>
    <ClCompile Include="src\Renderent\Platform\Windows\WindowsInput.cpp">
      <Filter>src\Renderent\Platform\Windows</Filter>
    </ClCompile>
    <ClCompile Include="src\Renderent\Platform\Windows\WindowsWindow.cpp">
      <Filter>src\Renderent\Platform\Windows</Filter>
    </ClCompile>
    <ClCompile Include="src\Renderent\Renderer\Buffer.cpp">
      <Filter>src\Renderent\Renderer</Filter>
    </ClCompile>
    <ClCompile Include="src\Renderent\Renderer\Camera.cpp">
      <Filter>src\Renderent\Renderer</Filter>
    </ClCompile>
    <ClCompile Include="src\Renderent\Renderer\CameraController.cpp">
      <Filter>src\Renderent\Renderer</Filter>
    </ClCompile>
    <ClCompile Include="src\Renderent\Renderer\Framebuffer.cpp">
      <Filter>src\Renderent\Renderer</Filter>
    </ClCompile>
    <ClCompile Include="src\Renderent\Renderer\RenderCommand.cpp">
      <Filter>src\Renderent\Renderer</Filter>
    </ClCompile>
    <ClCompile Include="src\Renderent\Renderer\Renderer.cpp">
      <Filter>src\Renderent\Renderer</Filter>
    </ClCompile>
    <ClCompile Include="src\Renderent\Renderer\Renderer2D.cpp">
      <Filter>src\Renderent\Renderer</Filter>
    </ClCompile>
    <ClCompile Include="src\Renderent\Renderer\RendererAPI.cpp">
      <Filter>src\Renderent\Renderer</Filter>
    </ClCompile>
    <ClCompile Include="src\Renderent\Renderer\Shader.cpp">
      <Filter>src\Renderent\Renderer</Filter>
    </ClCompile>
    <ClCompile Include="src\Renderent\Renderer\SubTexture2D.cpp">
      <Filter>src\Renderent\Renderer</Filter>
    </ClCompile>
    <ClCompile Include="src\Renderent\Renderer\Texture.cpp">
      <Filter>src\Renderent\Renderer</Filter>
    </ClCompile>
    <ClCompile Include="src\Renderent\Renderer\VertexArray.cpp">
      <Filter>src\Renderent\Renderer</Filter>
    </ClCompile>
    <ClCompile Include="src\repch.cpp">
      <Filter>src</Filter>
    </ClCompile>
    <ClCompile Include="vendor\stb_image\stb_image.cpp">
      <Filter>vendor\stb_image</Filter>
    </ClCompile>
  </ItemGroup>
</Project>