<?xml version="1.0" encoding="utf-8"?>
<Project ToolsVersion="4.0" xmlns="http://schemas.microsoft.com/developer/msbuild/2003">
  <ItemGroup>
    <Filter Include="Renderent">
      <UniqueIdentifier>{EC9D1F7C-5808-D4F2-A146-85980DF0B147}</UniqueIdentifier>
    </Filter>
    <Filter Include="Renderent\Event">
      <UniqueIdentifier>{3DE016B8-A96B-847C-B27C-07711E87E07C}</UniqueIdentifier>
    </Filter>
    <Filter Include="Renderent\ImGui">
      <UniqueIdentifier>{16D459B8-825F-C77C-8B70-4A71F77A237D}</UniqueIdentifier>
    </Filter>
    <Filter Include="Renderent\Platform">
      <UniqueIdentifier>{C0436C5F-AC27-2DB5-1588-2708018B1737}</UniqueIdentifier>
    </Filter>
    <Filter Include="Renderent\Platform\Windows">
      <UniqueIdentifier>{FAAD6180-E6BD-0D51-4F77-726F3BA6FCE9}</UniqueIdentifier>
    </Filter>
  </ItemGroup>
  <ItemGroup>
    <ClInclude Include="src\Renderent.h" />
    <ClInclude Include="src\Renderent\Application.h">
      <Filter>Renderent</Filter>
    </ClInclude>
    <ClInclude Include="src\Renderent\Core.h">
      <Filter>Renderent</Filter>
    </ClInclude>
    <ClInclude Include="src\Renderent\Entrypoint.h">
      <Filter>Renderent</Filter>
    </ClInclude>
    <ClInclude Include="src\Renderent\Event\Event.h">
      <Filter>Renderent\Event</Filter>
    </ClInclude>
    <ClInclude Include="src\Renderent\Event\KeyEvent.h">
      <Filter>Renderent\Event</Filter>
    </ClInclude>
    <ClInclude Include="src\Renderent\Event\MouseEvent.h">
      <Filter>Renderent\Event</Filter>
    </ClInclude>
    <ClInclude Include="src\Renderent\Event\WindowEvent.h">
      <Filter>Renderent\Event</Filter>
    </ClInclude>
    <ClInclude Include="src\Renderent\ImGui\ImGuiLayer.h">
      <Filter>Renderent\ImGui</Filter>
    </ClInclude>
    <ClInclude Include="src\Renderent\Input.h">
      <Filter>Renderent</Filter>
    </ClInclude>
    <ClInclude Include="src\Renderent\KeyCodes.h">
      <Filter>Renderent</Filter>
    </ClInclude>
    <ClInclude Include="src\Renderent\Layer.h">
      <Filter>Renderent</Filter>
    </ClInclude>
    <ClInclude Include="src\Renderent\LayerStack.h">
      <Filter>Renderent</Filter>
    </ClInclude>
    <ClInclude Include="src\Renderent\Log.h">
      <Filter>Renderent</Filter>
    </ClInclude>
    <ClInclude Include="src\Renderent\MouseButtonCodes.h">
      <Filter>Renderent</Filter>
    </ClInclude>
    <ClInclude Include="src\Renderent\Platform\Windows\WindowsInput.h">
      <Filter>Renderent\Platform\Windows</Filter>
    </ClInclude>
    <ClInclude Include="src\Renderent\Platform\Windows\WindowsWindow.h">
      <Filter>Renderent\Platform\Windows</Filter>
    </ClInclude>
    <ClInclude Include="src\Renderent\Window.h">
      <Filter>Renderent</Filter>
    </ClInclude>
    <ClInclude Include="src\repch.h" />
    <ClInclude Include="src\Renderent\Renderer\GraphicsContext.h" />
    <ClInclude Include="src\Renderent\Platform\OpenGL\OpenGLContext.h" />
    <ClInclude Include="src\Renderent\Renderer\Shader.h" />
    <ClInclude Include="src\Renderent\Renderer\Buffer.h" />
    <ClInclude Include="src\Renderent\Platform\OpenGL\OpenGLBuffer.h" />
    <ClInclude Include="src\Renderent\Renderer\Renderer.h" />
    <ClInclude Include="src\Renderent\Platform\OpenGL\OpenGLShader.h" />
    <ClInclude Include="src\Renderent\Renderer\VertexArray.h" />
    <ClInclude Include="src\Renderent\Platform\OpenGL\OpenGLVertexArray.h" />
    <ClInclude Include="src\Renderent\Renderer\RendererAPI.h" />
    <ClInclude Include="src\Renderent\Renderer\RenderCommand.h" />
    <ClInclude Include="src\Renderent\Platform\OpenGL\OpenGLRendererAPI.h" />
  </ItemGroup>
  <ItemGroup>
    <ClCompile Include="src\Renderent\Application.cpp">
      <Filter>Renderent</Filter>
    </ClCompile>
    <ClCompile Include="src\Renderent\ImGui\ImGuiBuild.cpp">
      <Filter>Renderent\ImGui</Filter>
    </ClCompile>
    <ClCompile Include="src\Renderent\ImGui\ImGuilLayer.cpp">
      <Filter>Renderent\ImGui</Filter>
    </ClCompile>
    <ClCompile Include="src\Renderent\Layer.cpp">
      <Filter>Renderent</Filter>
    </ClCompile>
    <ClCompile Include="src\Renderent\LayerStack.cpp">
      <Filter>Renderent</Filter>
    </ClCompile>
    <ClCompile Include="src\Renderent\Log.cpp">
      <Filter>Renderent</Filter>
    </ClCompile>
    <ClCompile Include="src\Renderent\Platform\Windows\WindowsInput.cpp">
      <Filter>Renderent\Platform\Windows</Filter>
    </ClCompile>
    <ClCompile Include="src\Renderent\Platform\Windows\WindowsWindow.cpp">
      <Filter>Renderent\Platform\Windows</Filter>
    </ClCompile>
    <ClCompile Include="src\repch.cpp" />
    <ClCompile Include="src\Renderent\Platform\OpenGL\OpenGLContext.cpp" />
    <ClCompile Include="src\Renderent\Renderer\Shader.cpp" />
    <ClCompile Include="src\Renderent\Renderer\Buffer.cpp" />
    <ClCompile Include="src\Renderent\Platform\OpenGL\OpenGLBuffer.cpp" />
    <ClCompile Include="src\Renderent\Renderer\Renderer.cpp" />
    <ClCompile Include="src\Renderent\Platform\OpenGL\OpenGLShader.cpp" />
    <ClCompile Include="src\Renderent\Renderer\VertexArray.cpp" />
    <ClCompile Include="src\Renderent\Platform\OpenGL\OpenGLVertexArray.cpp" />
    <ClCompile Include="src\Renderent\Renderer\RendererAPI.cpp" />
    <ClCompile Include="src\Renderent\Renderer\RenderCommand.cpp" />
    <ClCompile Include="src\Renderent\Platform\OpenGL\OpenGLRendererAPI.cpp" />
  </ItemGroup>
</Project>